PODS:
  - Bugly (2.4.7)
  - Google-Mobile-Ads-SDK (7.29.0)
  - Mangogo (1.0.1)
  - Masonry (1.1.0)
  - React/ART (0.11.0):
    - React/Core
  - React/Core (0.11.0)
  - React/RCTNetwork (0.11.0):
    - React/Core

DEPENDENCIES:
  - Bugly (= 2.4.7)
  - Google-Mobile-Ads-SDK
  - Mangogo
  - Masonry (= 1.1.0)
  - React/ART
  - React/Core
  - React/RCTNetwork

SPEC CHECKSUMS:
  Bugly: 2c256069145f550171907c5cb1c0f84ad291f6c1
  Google-Mobile-Ads-SDK: 375bbb821b3df2106c37b74f6b0a97576ddc5f6b
  Mangogo: d5efed62a47b156eed6355c5edffa1a6ced49143
  Masonry: 678fab65091a9290e40e2832a55e7ab731aad201
  React: ab1a2e21deb34965c38328d5ec40cc7d12c6050a

PODFILE CHECKSUM: c0de3d6b8e94ca791c89bd0463cfd9f79d4905b0

COCOAPODS: 1.4.0
